
Microsoft Visual Studio Solution File, Format Version 12.00
# Visual Studio Version 16
VisualStudioVersion = 16.0.30225.117
MinimumVisualStudioVersion = 10.0.40219.1
Project("{FAE04EC0-301F-11D3-BF4B-00C04F79EFBC}") = "Coba.AntiXSSMiddleware", "Coba.AntiXSSMiddleware\Coba.AntiXSSMiddleware.csproj", "{58E521AC-2AE7-40EE-97C4-04C5C5B0C200}"
EndProject
Global
	GlobalSection(SolutionConfigurationPlatforms) = preSolution
		Debug|Any CPU = Debug|Any CPU
		Release|Any CPU = Release|Any CPU
	EndGlobalSection
	GlobalSection(ProjectConfigurationPlatforms) = postSolution
		{58E521AC-2AE7-40EE-97C4-04C5C5B0C200}.Debug|Any CPU.ActiveCfg = Debug|Any CPU
		{58E521AC-2AE7-40EE-97C4-04C5C5B0C200}.Debug|Any CPU.Build.0 = Debug|Any CPU
		{58E521AC-2AE7-40EE-97C4-04C5C5B0C200}.Release|Any CPU.ActiveCfg = Release|Any CPU
		{58E521AC-2AE7-40EE-97C4-04C5C5B0C200}.Release|Any CPU.Build.0 = Release|Any CPU
	EndGlobalSection
	GlobalSection(SolutionProperties) = preSolution
		HideSolutionNode = FALSE
	EndGlobalSection
	GlobalSection(ExtensibilityGlobals) = postSolution
		SolutionGuid = {B58463EE-1B8B-4895-A308-CB0966762DE6}
	EndGlobalSection
EndGlobal
